
Microsoft Visual Studio Solution File, Format Version 12.00
# Visual Studio Version 16
VisualStudioVersion = 16.0.29613.14
MinimumVisualStudioVersion = 10.0.40219.1
Project("{FAE04EC0-301F-11D3-BF4B-00C04F79EFBC}") = "Prism.WpfJobChallenge", "Prism.WpfJobChallenge\Prism.WpfJobChallenge.csproj", "{8276F940-BD98-47C7-81D0-5156EBEFF2AC}"
EndProject
Project("{FAE04EC0-301F-11D3-BF4B-00C04F79EFBC}") = "Prism.WpfJobChallenge.Tests", "Prism.WpfJobChallenge.Tests\Prism.WpfJobChallenge.Tests.csproj", "{F0DFFFD2-E0D3-498D-A51F-CC55A057F524}"
EndProject
Global
	GlobalSection(SolutionConfigurationPlatforms) = preSolution
		Debug|Any CPU = Debug|Any CPU
		Release|Any CPU = Release|Any CPU
	EndGlobalSection
	GlobalSection(ProjectConfigurationPlatforms) = postSolution
		{8276F940-BD98-47C7-81D0-5156EBEFF2AC}.Debug|Any CPU.ActiveCfg = Debug|Any CPU
		{8276F940-BD98-47C7-81D0-5156EBEFF2AC}.Debug|Any CPU.Build.0 = Debug|Any CPU
		{8276F940-BD98-47C7-81D0-5156EBEFF2AC}.Release|Any CPU.ActiveCfg = Release|Any CPU
		{8276F940-BD98-47C7-81D0-5156EBEFF2AC}.Release|Any CPU.Build.0 = Release|Any CPU
		{F0DFFFD2-E0D3-498D-A51F-CC55A057F524}.Debug|Any CPU.ActiveCfg = Debug|Any CPU
		{F0DFFFD2-E0D3-498D-A51F-CC55A057F524}.Debug|Any CPU.Build.0 = Debug|Any CPU
		{F0DFFFD2-E0D3-498D-A51F-CC55A057F524}.Release|Any CPU.ActiveCfg = Release|Any CPU
		{F0DFFFD2-E0D3-498D-A51F-CC55A057F524}.Release|Any CPU.Build.0 = Release|Any CPU
	EndGlobalSection
	GlobalSection(SolutionProperties) = preSolution
		HideSolutionNode = FALSE
	EndGlobalSection
	GlobalSection(ExtensibilityGlobals) = postSolution
		SolutionGuid = {DBC9680E-F773-44EA-A77E-0B5300517A85}
	EndGlobalSection
EndGlobal
